
Microsoft Visual Studio Solution File, Format Version 12.00
# Visual Studio Version 17
VisualStudioVersion = 17.14.36221.1
MinimumVisualStudioVersion = 10.0.40219.1
Project("{FAE04EC0-301F-11D3-BF4B-00C04F79EFBC}") = "E-Commerce.Web", "E-Commerce.Web\E-Commerce.Web.csproj", "{F9ACD028-6554-4238-8025-7C5FFB173E7F}"
EndProject
Project("{2150E333-8FDC-42A3-9474-1A3956D46DE8}") = "ApplicationCoreLayer", "ApplicationCoreLayer", "{02EA681E-C7D8-13C7-8484-4AC65E1B71E8}"
EndProject
Project("{FAE04EC0-301F-11D3-BF4B-00C04F79EFBC}") = "ECommerce.Domain", "ECommerce.Domain\ECommerce.Domain.csproj", "{0146A75E-DD66-4412-B19A-DD19B7E8308C}"
EndProject
Project("{FAE04EC0-301F-11D3-BF4B-00C04F79EFBC}") = "ECommerce.Services", "ECommerce.Services\ECommerce.Services.csproj", "{8DAB87BF-8C4E-425A-ADEE-C5C338F932B4}"
EndProject
Project("{FAE04EC0-301F-11D3-BF4B-00C04F79EFBC}") = "ECommerce.Services.Abstraction", "ECommerce.Services.Abstraction\ECommerce.Services.Abstraction.csproj", "{2DFA210C-C726-43A9-A73E-8D4F65B601AF}"
EndProject
Project("{2150E333-8FDC-42A3-9474-1A3956D46DE8}") = "PresentationLayer", "PresentationLayer", "{39F86DBF-9FB7-4B81-9891-EC645521A967}"
EndProject
Project("{FAE04EC0-301F-11D3-BF4B-00C04F79EFBC}") = "ECommerce.Presentation", "ECommerce.Presentation\ECommerce.Presentation.csproj", "{41C994A4-4787-478C-9E48-A6683F070634}"
EndProject
Project("{2150E333-8FDC-42A3-9474-1A3956D46DE8}") = "InfrastructureLayer", "InfrastructureLayer", "{F87EB40E-BC27-4239-AAAF-D06CC351E321}"
EndProject
Project("{FAE04EC0-301F-11D3-BF4B-00C04F79EFBC}") = "ECommerce.Persistance", "ECommerce.Persistance\ECommerce.Persistance.csproj", "{060A63B3-A49C-42E1-A1DB-E9A2A01A73C0}"
EndProject
Project("{FAE04EC0-301F-11D3-BF4B-00C04F79EFBC}") = "ECommerceShared", "ECommerceShared\ECommerceShared.csproj", "{89C8CDE0-C82B-4F75-AF0E-FAF0927F6B43}"
EndProject
Global
	GlobalSection(SolutionConfigurationPlatforms) = preSolution
		Debug|Any CPU = Debug|Any CPU
		Release|Any CPU = Release|Any CPU
	EndGlobalSection
	GlobalSection(ProjectConfigurationPlatforms) = postSolution
		{F9ACD028-6554-4238-8025-7C5FFB173E7F}.Debug|Any CPU.ActiveCfg = Debug|Any CPU
		{F9ACD028-6554-4238-8025-7C5FFB173E7F}.Debug|Any CPU.Build.0 = Debug|Any CPU
		{F9ACD028-6554-4238-8025-7C5FFB173E7F}.Release|Any CPU.ActiveCfg = Release|Any CPU
		{F9ACD028-6554-4238-8025-7C5FFB173E7F}.Release|Any CPU.Build.0 = Release|Any CPU
		{0146A75E-DD66-4412-B19A-DD19B7E8308C}.Debug|Any CPU.ActiveCfg = Debug|Any CPU
		{0146A75E-DD66-4412-B19A-DD19B7E8308C}.Debug|Any CPU.Build.0 = Debug|Any CPU
		{0146A75E-DD66-4412-B19A-DD19B7E8308C}.Release|Any CPU.ActiveCfg = Release|Any CPU
		{0146A75E-DD66-4412-B19A-DD19B7E8308C}.Release|Any CPU.Build.0 = Release|Any CPU
		{8DAB87BF-8C4E-425A-ADEE-C5C338F932B4}.Debug|Any CPU.ActiveCfg = Debug|Any CPU
		{8DAB87BF-8C4E-425A-ADEE-C5C338F932B4}.Debug|Any CPU.Build.0 = Debug|Any CPU
		{8DAB87BF-8C4E-425A-ADEE-C5C338F932B4}.Release|Any CPU.ActiveCfg = Release|Any CPU
		{8DAB87BF-8C4E-425A-ADEE-C5C338F932B4}.Release|Any CPU.Build.0 = Release|Any CPU
		{2DFA210C-C726-43A9-A73E-8D4F65B601AF}.Debug|Any CPU.ActiveCfg = Debug|Any CPU
		{2DFA210C-C726-43A9-A73E-8D4F65B601AF}.Debug|Any CPU.Build.0 = Debug|Any CPU
		{2DFA210C-C726-43A9-A73E-8D4F65B601AF}.Release|Any CPU.ActiveCfg = Release|Any CPU
		{2DFA210C-C726-43A9-A73E-8D4F65B601AF}.Release|Any CPU.Build.0 = Release|Any CPU
		{41C994A4-4787-478C-9E48-A6683F070634}.Debug|Any CPU.ActiveCfg = Debug|Any CPU
		{41C994A4-4787-478C-9E48-A6683F070634}.Debug|Any CPU.Build.0 = Debug|Any CPU
		{41C994A4-4787-478C-9E48-A6683F070634}.Release|Any CPU.ActiveCfg = Release|Any CPU
		{41C994A4-4787-478C-9E48-A6683F070634}.Release|Any CPU.Build.0 = Release|Any CPU
		{060A63B3-A49C-42E1-A1DB-E9A2A01A73C0}.Debug|Any CPU.ActiveCfg = Debug|Any CPU
		{060A63B3-A49C-42E1-A1DB-E9A2A01A73C0}.Debug|Any CPU.Build.0 = Debug|Any CPU
		{060A63B3-A49C-42E1-A1DB-E9A2A01A73C0}.Release|Any CPU.ActiveCfg = Release|Any CPU
		{060A63B3-A49C-42E1-A1DB-E9A2A01A73C0}.Release|Any CPU.Build.0 = Release|Any CPU
		{89C8CDE0-C82B-4F75-AF0E-FAF0927F6B43}.Debug|Any CPU.ActiveCfg = Debug|Any CPU
		{89C8CDE0-C82B-4F75-AF0E-FAF0927F6B43}.Debug|Any CPU.Build.0 = Debug|Any CPU
		{89C8CDE0-C82B-4F75-AF0E-FAF0927F6B43}.Release|Any CPU.ActiveCfg = Release|Any CPU
		{89C8CDE0-C82B-4F75-AF0E-FAF0927F6B43}.Release|Any CPU.Build.0 = Release|Any CPU
	EndGlobalSection
	GlobalSection(SolutionProperties) = preSolution
		HideSolutionNode = FALSE
	EndGlobalSection
	GlobalSection(NestedProjects) = preSolution
		{F9ACD028-6554-4238-8025-7C5FFB173E7F} = {39F86DBF-9FB7-4B81-9891-EC645521A967}
		{0146A75E-DD66-4412-B19A-DD19B7E8308C} = {02EA681E-C7D8-13C7-8484-4AC65E1B71E8}
		{8DAB87BF-8C4E-425A-ADEE-C5C338F932B4} = {02EA681E-C7D8-13C7-8484-4AC65E1B71E8}
		{2DFA210C-C726-43A9-A73E-8D4F65B601AF} = {02EA681E-C7D8-13C7-8484-4AC65E1B71E8}
		{41C994A4-4787-478C-9E48-A6683F070634} = {39F86DBF-9FB7-4B81-9891-EC645521A967}
		{060A63B3-A49C-42E1-A1DB-E9A2A01A73C0} = {F87EB40E-BC27-4239-AAAF-D06CC351E321}
	EndGlobalSection
	GlobalSection(ExtensibilityGlobals) = postSolution
		SolutionGuid = {1479B18E-B33F-4433-9E56-4C10064CC315}
	EndGlobalSection
EndGlobal
